
Microsoft Visual Studio Solution File, Format Version 12.00
# Visual Studio Version 16
VisualStudioVersion = 16.0.30320.27
MinimumVisualStudioVersion = 10.0.40219.1
Project("{FAE04EC0-301F-11D3-BF4B-00C04F79EFBC}") = "AddTags", "AddTags\AddTags.csproj", "{445E4DDE-6913-438E-A919-F8ED12D7A011}"
EndProject
Project("{FAE04EC0-301F-11D3-BF4B-00C04F79EFBC}") = "AddTagsConsoleApp1", "AddTagsConsoleApp1\AddTagsConsoleApp1.csproj", "{DC5092F7-6393-4332-9248-93BD178630BB}"
EndProject
Global
	GlobalSection(SolutionConfigurationPlatforms) = preSolution
		Debug|Any CPU = Debug|Any CPU
		Release|Any CPU = Release|Any CPU
	EndGlobalSection
	GlobalSection(ProjectConfigurationPlatforms) = postSolution
		{445E4DDE-6913-438E-A919-F8ED12D7A011}.Debug|Any CPU.ActiveCfg = Debug|Any CPU
		{445E4DDE-6913-438E-A919-F8ED12D7A011}.Debug|Any CPU.Build.0 = Debug|Any CPU
		{445E4DDE-6913-438E-A919-F8ED12D7A011}.Release|Any CPU.ActiveCfg = Release|Any CPU
		{445E4DDE-6913-438E-A919-F8ED12D7A011}.Release|Any CPU.Build.0 = Release|Any CPU
		{DC5092F7-6393-4332-9248-93BD178630BB}.Debug|Any CPU.ActiveCfg = Debug|Any CPU
		{DC5092F7-6393-4332-9248-93BD178630BB}.Debug|Any CPU.Build.0 = Debug|Any CPU
		{DC5092F7-6393-4332-9248-93BD178630BB}.Release|Any CPU.ActiveCfg = Release|Any CPU
		{DC5092F7-6393-4332-9248-93BD178630BB}.Release|Any CPU.Build.0 = Release|Any CPU
	EndGlobalSection
	GlobalSection(SolutionProperties) = preSolution
		HideSolutionNode = FALSE
	EndGlobalSection
	GlobalSection(ExtensibilityGlobals) = postSolution
		SolutionGuid = {C5D30839-127D-45EE-9EC6-5ADFDA1A0E84}
	EndGlobalSection
EndGlobal
